version = 1
revision = 3
requires-python = ">=3.10"

[[package]]
name = "base16numerology-ebook"
version = "0.1.0"
source = { virtual = "." }
dependencies = [
    { name = "latex2mathml" },
    { name = "markdown" },
    { name = "python-markdown-math" },
]

[package.metadata]
requires-dist = [
    { name = "latex2mathml", specifier = ">=3.77" },
    { name = "markdown", specifier = ">=3.5" },
    { name = "python-markdown-math", specifier = ">=0.8" },
]

[[package]]
name = "latex2mathml"
version = "3.78.1"
source = { registry = "https://pypi.org/simple" }
sdist = { url = "https://files.pythonhosted.org/packages/1a/26/57b1034c08922d0aefea79430a5e0006ffaee4f0ec59d566613f667ab2f7/latex2mathml-3.78.1.tar.gz", hash = "sha256:f941db80bf41db33f31df87b304e8b588f8166b813b0257c11c98f7a9d0aac71", size = 74030, upload-time = "2025-08-29T23:34:23.178Z" }
wheels = [
    { url = "https://files.pythonhosted.org/packages/3e/76/d661ea2e529c3d464f9efd73f9ac31626b45279eb4306e684054ea20e3d4/latex2mathml-3.78.1-py3-none-any.whl", hash = "sha256:f089b6d75e85b937f99693c93e8c16c0804008672c3dd2a3d25affd36f238100", size = 73892, upload-time = "2025-08-29T23:34:21.98Z" },
]

[[package]]
name = "markdown"
version = "3.10"
source = { registry = "https://pypi.org/simple" }
sdist = { url = "https://files.pythonhosted.org/packages/7d/ab/7dd27d9d863b3376fcf23a5a13cb5d024aed1db46f963f1b5735ae43b3be/markdown-3.10.tar.gz", hash = "sha256:37062d4f2aa4b2b6b32aefb80faa300f82cc790cb949a35b8caede34f2b68c0e", size = 364931, upload-time = "2025-11-03T19:51:15.007Z" }
wheels = [
    { url = "https://files.pythonhosted.org/packages/70/81/54e3ce63502cd085a0c556652a4e1b919c45a446bd1e5300e10c44c8c521/markdown-3.10-py3-none-any.whl", hash = "sha256:b5b99d6951e2e4948d939255596523444c0e677c669700b1d17aa4a8a464cb7c", size = 107678, upload-time = "2025-11-03T19:51:13.887Z" },
]

[[package]]
name = "python-markdown-math"
version = "0.9"
source = { registry = "https://pypi.org/simple" }
dependencies = [
    { name = "markdown" },
]
sdist = { url = "https://files.pythonhosted.org/packages/4c/68/fbea05ec6fb318bdcf56ea47596605614554f51d77bfd14f6fb481139ad8/python_markdown_math-0.9.tar.gz", hash = "sha256:567395553dc4941e79b3789a1096dcabb3fda9539d150d558ef3507948b264a3", size = 8680, upload-time = "2025-04-10T10:10:31.84Z" }
wheels = [
    { url = "https://files.pythonhosted.org/packages/eb/68/ecf3535c40845de2efd8ac2d092dd5fca0868219fa3684d9e58ef7abeece/python_markdown_math-0.9-py3-none-any.whl", hash = "sha256:ac9932df517a5c0f6d01c56e7a44d065eca4a420893ac45f7a6937c67cb41e86", size = 6046, upload-time = "2025-04-10T10:10:30.318Z" },
]
